// !$*UTF8*$!
{
	archiveVersion = 1;
	classes = {
	};
	objectVersion = 55;
	objects = {

/* Begin PBXBuildFile section */
		4149233A28E1F03F00B308D7 /* TouchdownApp.swift in Sources */ = {isa = PBXBuildFile; fileRef = 4149233928E1F03F00B308D7 /* TouchdownApp.swift */; };
		4149233C28E1F03F00B308D7 /* ContentView.swift in Sources */ = {isa = PBXBuildFile; fileRef = 4149233B28E1F03F00B308D7 /* ContentView.swift */; };
		4149233E28E1F04800B308D7 /* Assets.xcassets in Resources */ = {isa = PBXBuildFile; fileRef = 4149233D28E1F04800B308D7 /* Assets.xcassets */; };
		4149234128E1F04800B308D7 /* Preview Assets.xcassets in Resources */ = {isa = PBXBuildFile; fileRef = 4149234028E1F04800B308D7 /* Preview Assets.xcassets */; };
		4149235228E208C700B308D7 /* Constants.swift in Sources */ = {isa = PBXBuildFile; fileRef = 4149235128E208C700B308D7 /* Constants.swift */; };
		4149235428E20A4900B308D7 /* FooterComponent.swift in Sources */ = {isa = PBXBuildFile; fileRef = 4149235328E20A4900B308D7 /* FooterComponent.swift */; };
		4149235628E22FFA00B308D7 /* NaviagtionBarComponent.swift in Sources */ = {isa = PBXBuildFile; fileRef = 4149235528E22FFA00B308D7 /* NaviagtionBarComponent.swift */; };
		4149235828E2A33600B308D7 /* LogoComponent.swift in Sources */ = {isa = PBXBuildFile; fileRef = 4149235728E2A33600B308D7 /* LogoComponent.swift */; };
		4149235A28E3380300B308D7 /* PlayerModel.swift in Sources */ = {isa = PBXBuildFile; fileRef = 4149235928E3380300B308D7 /* PlayerModel.swift */; };
		4149235C28E3389500B308D7 /* CodableBundleExtension.swift in Sources */ = {isa = PBXBuildFile; fileRef = 4149235B28E3389500B308D7 /* CodableBundleExtension.swift */; };
		4149235E28E33BF100B308D7 /* FeauturedItemComponent.swift in Sources */ = {isa = PBXBuildFile; fileRef = 4149235D28E33BF100B308D7 /* FeauturedItemComponent.swift */; };
		4149236628E3704600B308D7 /* product.json in Resources */ = {isa = PBXBuildFile; fileRef = 4149236228E3704600B308D7 /* product.json */; };
		4149236728E3704600B308D7 /* category.json in Resources */ = {isa = PBXBuildFile; fileRef = 4149236328E3704600B308D7 /* category.json */; };
		4149236828E3704600B308D7 /* player.json in Resources */ = {isa = PBXBuildFile; fileRef = 4149236428E3704600B308D7 /* player.json */; };
		4149236928E3704600B308D7 /* brand.json in Resources */ = {isa = PBXBuildFile; fileRef = 4149236528E3704600B308D7 /* brand.json */; };
		4149236C28E450A900B308D7 /* FeauturedTabComponent.swift in Sources */ = {isa = PBXBuildFile; fileRef = 4149236B28E450A900B308D7 /* FeauturedTabComponent.swift */; };
		4149236E28E454AC00B308D7 /* CategoryModel.swift in Sources */ = {isa = PBXBuildFile; fileRef = 4149236D28E454AC00B308D7 /* CategoryModel.swift */; };
		4149237028E4554300B308D7 /* CategoryItemComponent.swift in Sources */ = {isa = PBXBuildFile; fileRef = 4149236F28E4554300B308D7 /* CategoryItemComponent.swift */; };
		4149237228E45BC700B308D7 /* CategoryGridComponent.swift in Sources */ = {isa = PBXBuildFile; fileRef = 4149237128E45BC700B308D7 /* CategoryGridComponent.swift */; };
		4149237428E48F7C00B308D7 /* SecctionComponent.swift in Sources */ = {isa = PBXBuildFile; fileRef = 4149237328E48F7C00B308D7 /* SecctionComponent.swift */; };
/* End PBXBuildFile section */

/* Begin PBXFileReference section */
		4149233628E1F03F00B308D7 /* Touchdown.app */ = {isa = PBXFileReference; explicitFileType = wrapper.application; includeInIndex = 0; path = Touchdown.app; sourceTree = BUILT_PRODUCTS_DIR; };
		4149233928E1F03F00B308D7 /* TouchdownApp.swift */ = {isa = PBXFileReference; lastKnownFileType = sourcecode.swift; path = TouchdownApp.swift; sourceTree = "<group>"; };
		4149233B28E1F03F00B308D7 /* ContentView.swift */ = {isa = PBXFileReference; lastKnownFileType = sourcecode.swift; path = ContentView.swift; sourceTree = "<group>"; };
		4149233D28E1F04800B308D7 /* Assets.xcassets */ = {isa = PBXFileReference; lastKnownFileType = folder.assetcatalog; path = Assets.xcassets; sourceTree = "<group>"; };
		4149234028E1F04800B308D7 /* Preview Assets.xcassets */ = {isa = PBXFileReference; lastKnownFileType = folder.assetcatalog; path = "Preview Assets.xcassets"; sourceTree = "<group>"; };
		4149234C28E1F6B500B308D7 /* Info.plist */ = {isa = PBXFileReference; lastKnownFileType = text.plist; path = Info.plist; sourceTree = "<group>"; };
		4149235128E208C700B308D7 /* Constants.swift */ = {isa = PBXFileReference; lastKnownFileType = sourcecode.swift; path = Constants.swift; sourceTree = "<group>"; };
		4149235328E20A4900B308D7 /* FooterComponent.swift */ = {isa = PBXFileReference; lastKnownFileType = sourcecode.swift; path = FooterComponent.swift; sourceTree = "<group>"; };
		4149235528E22FFA00B308D7 /* NaviagtionBarComponent.swift */ = {isa = PBXFileReference; lastKnownFileType = sourcecode.swift; path = NaviagtionBarComponent.swift; sourceTree = "<group>"; };
		4149235728E2A33600B308D7 /* LogoComponent.swift */ = {isa = PBXFileReference; lastKnownFileType = sourcecode.swift; path = LogoComponent.swift; sourceTree = "<group>"; };
		4149235928E3380300B308D7 /* PlayerModel.swift */ = {isa = PBXFileReference; lastKnownFileType = sourcecode.swift; path = PlayerModel.swift; sourceTree = "<group>"; };
		4149235B28E3389500B308D7 /* CodableBundleExtension.swift */ = {isa = PBXFileReference; lastKnownFileType = sourcecode.swift; path = CodableBundleExtension.swift; sourceTree = "<group>"; };
		4149235D28E33BF100B308D7 /* FeauturedItemComponent.swift */ = {isa = PBXFileReference; lastKnownFileType = sourcecode.swift; path = FeauturedItemComponent.swift; sourceTree = "<group>"; };
		4149236228E3704600B308D7 /* product.json */ = {isa = PBXFileReference; fileEncoding = 4; lastKnownFileType = text.json; path = product.json; sourceTree = "<group>"; };
		4149236328E3704600B308D7 /* category.json */ = {isa = PBXFileReference; fileEncoding = 4; lastKnownFileType = text.json; path = category.json; sourceTree = "<group>"; };
		4149236428E3704600B308D7 /* player.json */ = {isa = PBXFileReference; fileEncoding = 4; lastKnownFileType = text.json; path = player.json; sourceTree = "<group>"; };
		4149236528E3704600B308D7 /* brand.json */ = {isa = PBXFileReference; fileEncoding = 4; lastKnownFileType = text.json; path = brand.json; sourceTree = "<group>"; };
		4149236B28E450A900B308D7 /* FeauturedTabComponent.swift */ = {isa = PBXFileReference; lastKnownFileType = sourcecode.swift; path = FeauturedTabComponent.swift; sourceTree = "<group>"; };
		4149236D28E454AC00B308D7 /* CategoryModel.swift */ = {isa = PBXFileReference; lastKnownFileType = sourcecode.swift; path = CategoryModel.swift; sourceTree = "<group>"; };
		4149236F28E4554300B308D7 /* CategoryItemComponent.swift */ = {isa = PBXFileReference; lastKnownFileType = sourcecode.swift; path = CategoryItemComponent.swift; sourceTree = "<group>"; };
		4149237128E45BC700B308D7 /* CategoryGridComponent.swift */ = {isa = PBXFileReference; lastKnownFileType = sourcecode.swift; path = CategoryGridComponent.swift; sourceTree = "<group>"; };
		4149237328E48F7C00B308D7 /* SecctionComponent.swift */ = {isa = PBXFileReference; lastKnownFileType = sourcecode.swift; path = SecctionComponent.swift; sourceTree = "<group>"; };
/* End PBXFileReference section */

/* Begin PBXFrameworksBuildPhase section */
		4149233328E1F03F00B308D7 /* Frameworks */ = {
			isa = PBXFrameworksBuildPhase;
			buildActionMask = 2147483647;
			files = (
			);
			runOnlyForDeploymentPostprocessing = 0;
		};
/* End PBXFrameworksBuildPhase section */

/* Begin PBXGroup section */
		4149232D28E1F03F00B308D7 = {
			isa = PBXGroup;
			children = (
				4149233828E1F03F00B308D7 /* Touchdown */,
				4149233728E1F03F00B308D7 /* Products */,
			);
			sourceTree = "<group>";
		};
		4149233728E1F03F00B308D7 /* Products */ = {
			isa = PBXGroup;
			children = (
				4149233628E1F03F00B308D7 /* Touchdown.app */,
			);
			name = Products;
			sourceTree = "<group>";
		};
		4149233828E1F03F00B308D7 /* Touchdown */ = {
			isa = PBXGroup;
			children = (
				4149236A28E3707200B308D7 /* Data */,
				4149234F28E2084F00B308D7 /* Extension */,
				4149235028E2086D00B308D7 /* Utility */,
				4149234C28E1F6B500B308D7 /* Info.plist */,
				4149234928E1F1C500B308D7 /* Models */,
				4149234A28E1F1CF00B308D7 /* Components */,
				4149234B28E1F1D900B308D7 /* View */,
				4149233D28E1F04800B308D7 /* Assets.xcassets */,
				4149233F28E1F04800B308D7 /* Preview Content */,
			);
			path = Touchdown;
			sourceTree = "<group>";
		};
		4149233F28E1F04800B308D7 /* Preview Content */ = {
			isa = PBXGroup;
			children = (
				4149234028E1F04800B308D7 /* Preview Assets.xcassets */,
			);
			path = "Preview Content";
			sourceTree = "<group>";
		};
		4149234928E1F1C500B308D7 /* Models */ = {
			isa = PBXGroup;
			children = (
				4149235928E3380300B308D7 /* PlayerModel.swift */,
				4149236D28E454AC00B308D7 /* CategoryModel.swift */,
			);
			path = Models;
			sourceTree = "<group>";
		};
		4149234A28E1F1CF00B308D7 /* Components */ = {
			isa = PBXGroup;
			children = (
				4149234E28E2083300B308D7 /* Detail */,
				4149234D28E2082E00B308D7 /* Home */,
			);
			path = Components;
			sourceTree = "<group>";
		};
		4149234B28E1F1D900B308D7 /* View */ = {
			isa = PBXGroup;
			children = (
				4149233928E1F03F00B308D7 /* TouchdownApp.swift */,
				4149233B28E1F03F00B308D7 /* ContentView.swift */,
			);
			path = View;
			sourceTree = "<group>";
		};
		4149234D28E2082E00B308D7 /* Home */ = {
			isa = PBXGroup;
			children = (
				4149235328E20A4900B308D7 /* FooterComponent.swift */,
				4149235528E22FFA00B308D7 /* NaviagtionBarComponent.swift */,
				4149235728E2A33600B308D7 /* LogoComponent.swift */,
				4149235D28E33BF100B308D7 /* FeauturedItemComponent.swift */,
				4149236B28E450A900B308D7 /* FeauturedTabComponent.swift */,
				4149236F28E4554300B308D7 /* CategoryItemComponent.swift */,
				4149237128E45BC700B308D7 /* CategoryGridComponent.swift */,
				4149237328E48F7C00B308D7 /* SecctionComponent.swift */,
			);
			path = Home;
			sourceTree = "<group>";
		};
		4149234E28E2083300B308D7 /* Detail */ = {
			isa = PBXGroup;
			children = (
			);
			path = Detail;
			sourceTree = "<group>";
		};
		4149234F28E2084F00B308D7 /* Extension */ = {
			isa = PBXGroup;
			children = (
				4149235B28E3389500B308D7 /* CodableBundleExtension.swift */,
			);
			path = Extension;
			sourceTree = "<group>";
		};
		4149235028E2086D00B308D7 /* Utility */ = {
			isa = PBXGroup;
			children = (
				4149235128E208C700B308D7 /* Constants.swift */,
			);
			path = Utility;
			sourceTree = "<group>";
		};
		4149236A28E3707200B308D7 /* Data */ = {
			isa = PBXGroup;
			children = (
				4149236528E3704600B308D7 /* brand.json */,
				4149236328E3704600B308D7 /* category.json */,
				4149236428E3704600B308D7 /* player.json */,
				4149236228E3704600B308D7 /* product.json */,
			);
			path = Data;
			sourceTree = "<group>";
		};
/* End PBXGroup section */

/* Begin PBXNativeTarget section */
		4149233528E1F03F00B308D7 /* Touchdown */ = {
			isa = PBXNativeTarget;
			buildConfigurationList = 4149234428E1F04800B308D7 /* Build configuration list for PBXNativeTarget "Touchdown" */;
			buildPhases = (
				4149233228E1F03F00B308D7 /* Sources */,
				4149233328E1F03F00B308D7 /* Frameworks */,
				4149233428E1F03F00B308D7 /* Resources */,
			);
			buildRules = (
			);
			dependencies = (
			);
			name = Touchdown;
			productName = Touchdown;
			productReference = 4149233628E1F03F00B308D7 /* Touchdown.app */;
			productType = "com.apple.product-type.application";
		};
/* End PBXNativeTarget section */

/* Begin PBXProject section */
		4149232E28E1F03F00B308D7 /* Project object */ = {
			isa = PBXProject;
			attributes = {
				BuildIndependentTargetsInParallel = 1;
				LastSwiftUpdateCheck = 1340;
				LastUpgradeCheck = 1340;
				TargetAttributes = {
					4149233528E1F03F00B308D7 = {
						CreatedOnToolsVersion = 13.4;
					};
				};
			};
			buildConfigurationList = 4149233128E1F03F00B308D7 /* Build configuration list for PBXProject "Touchdown" */;
			compatibilityVersion = "Xcode 13.0";
			developmentRegion = en;
			hasScannedForEncodings = 0;
			knownRegions = (
				en,
				Base,
			);
			mainGroup = 4149232D28E1F03F00B308D7;
			productRefGroup = 4149233728E1F03F00B308D7 /* Products */;
			projectDirPath = "";
			projectRoot = "";
			targets = (
				4149233528E1F03F00B308D7 /* Touchdown */,
			);
		};
/* End PBXProject section */

/* Begin PBXResourcesBuildPhase section */
		4149233428E1F03F00B308D7 /* Resources */ = {
			isa = PBXResourcesBuildPhase;
			buildActionMask = 2147483647;
			files = (
				4149236828E3704600B308D7 /* player.json in Resources */,
				4149234128E1F04800B308D7 /* Preview Assets.xcassets in Resources */,
				4149233E28E1F04800B308D7 /* Assets.xcassets in Resources */,
				4149236628E3704600B308D7 /* product.json in Resources */,
				4149236728E3704600B308D7 /* category.json in Resources */,
				4149236928E3704600B308D7 /* brand.json in Resources */,
			);
			runOnlyForDeploymentPostprocessing = 0;
		};
/* End PBXResourcesBuildPhase section */

/* Begin PBXSourcesBuildPhase section */
		4149233228E1F03F00B308D7 /* Sources */ = {
			isa = PBXSourcesBuildPhase;
			buildActionMask = 2147483647;
			files = (
				4149235628E22FFA00B308D7 /* NaviagtionBarComponent.swift in Sources */,
				4149233C28E1F03F00B308D7 /* ContentView.swift in Sources */,
				4149237228E45BC700B308D7 /* CategoryGridComponent.swift in Sources */,
				4149237428E48F7C00B308D7 /* SecctionComponent.swift in Sources */,
				4149235E28E33BF100B308D7 /* FeauturedItemComponent.swift in Sources */,
				4149235828E2A33600B308D7 /* LogoComponent.swift in Sources */,
				4149236C28E450A900B308D7 /* FeauturedTabComponent.swift in Sources */,
				4149233A28E1F03F00B308D7 /* TouchdownApp.swift in Sources */,
				4149237028E4554300B308D7 /* CategoryItemComponent.swift in Sources */,
				4149235428E20A4900B308D7 /* FooterComponent.swift in Sources */,
				4149236E28E454AC00B308D7 /* CategoryModel.swift in Sources */,
				4149235228E208C700B308D7 /* Constants.swift in Sources */,
				4149235A28E3380300B308D7 /* PlayerModel.swift in Sources */,
				4149235C28E3389500B308D7 /* CodableBundleExtension.swift in Sources */,
			);
			runOnlyForDeploymentPostprocessing = 0;
		};
/* End PBXSourcesBuildPhase section */

/* Begin XCBuildConfiguration section */
		4149234228E1F04800B308D7 /* Debug */ = {
			isa = XCBuildConfiguration;
			buildSettings = {
				ALWAYS_SEARCH_USER_PATHS = NO;
				CLANG_ANALYZER_NONNULL = YES;
				CLANG_ANALYZER_NUMBER_OBJECT_CONVERSION = YES_AGGRESSIVE;
				CLANG_CXX_LANGUAGE_STANDARD = "gnu++17";
				CLANG_ENABLE_MODULES = YES;
				CLANG_ENABLE_OBJC_ARC = YES;
				CLANG_ENABLE_OBJC_WEAK = YES;
				CLANG_WARN_BLOCK_CAPTURE_AUTORELEASING = YES;
				CLANG_WARN_BOOL_CONVERSION = YES;
				CLANG_WARN_COMMA = YES;
				CLANG_WARN_CONSTANT_CONVERSION = YES;
				CLANG_WARN_DEPRECATED_OBJC_IMPLEMENTATIONS = YES;
				CLANG_WARN_DIRECT_OBJC_ISA_USAGE = YES_ERROR;
				CLANG_WARN_DOCUMENTATION_COMMENTS = YES;
				CLANG_WARN_EMPTY_BODY = YES;
				CLANG_WARN_ENUM_CONVERSION = YES;
				CLANG_WARN_INFINITE_RECURSION = YES;
				CLANG_WARN_INT_CONVERSION = YES;
				CLANG_WARN_NON_LITERAL_NULL_CONVERSION = YES;
				CLANG_WARN_OBJC_IMPLICIT_RETAIN_SELF = YES;
				CLANG_WARN_OBJC_LITERAL_CONVERSION = YES;
				CLANG_WARN_OBJC_ROOT_CLASS = YES_ERROR;
				CLANG_WARN_QUOTED_INCLUDE_IN_FRAMEWORK_HEADER = YES;
				CLANG_WARN_RANGE_LOOP_ANALYSIS = YES;
				CLANG_WARN_STRICT_PROTOTYPES = YES;
				CLANG_WARN_SUSPICIOUS_MOVE = YES;
				CLANG_WARN_UNGUARDED_AVAILABILITY = YES_AGGRESSIVE;
				CLANG_WARN_UNREACHABLE_CODE = YES;
				CLANG_WARN__DUPLICATE_METHOD_MATCH = YES;
				COPY_PHASE_STRIP = NO;
				DEBUG_INFORMATION_FORMAT = dwarf;
				ENABLE_STRICT_OBJC_MSGSEND = YES;
				ENABLE_TESTABILITY = YES;
				GCC_C_LANGUAGE_STANDARD = gnu11;
				GCC_DYNAMIC_NO_PIC = NO;
				GCC_NO_COMMON_BLOCKS = YES;
				GCC_OPTIMIZATION_LEVEL = 0;
				GCC_PREPROCESSOR_DEFINITIONS = (
					"DEBUG=1",
					"$(inherited)",
				);
				GCC_WARN_64_TO_32_BIT_CONVERSION = YES;
				GCC_WARN_ABOUT_RETURN_TYPE = YES_ERROR;
				GCC_WARN_UNDECLARED_SELECTOR = YES;
				GCC_WARN_UNINITIALIZED_AUTOS = YES_AGGRESSIVE;
				GCC_WARN_UNUSED_FUNCTION = YES;
				GCC_WARN_UNUSED_VARIABLE = YES;
				IPHONEOS_DEPLOYMENT_TARGET = 15.5;
				MTL_ENABLE_DEBUG_INFO = INCLUDE_SOURCE;
				MTL_FAST_MATH = YES;
				ONLY_ACTIVE_ARCH = YES;
				SDKROOT = iphoneos;
				SWIFT_ACTIVE_COMPILATION_CONDITIONS = DEBUG;
				SWIFT_OPTIMIZATION_LEVEL = "-Onone";
			};
			name = Debug;
		};
		4149234328E1F04800B308D7 /* Release */ = {
			isa = XCBuildConfiguration;
			buildSettings = {
				ALWAYS_SEARCH_USER_PATHS = NO;
				CLANG_ANALYZER_NONNULL = YES;
				CLANG_ANALYZER_NUMBER_OBJECT_CONVERSION = YES_AGGRESSIVE;
				CLANG_CXX_LANGUAGE_STANDARD = "gnu++17";
				CLANG_ENABLE_MODULES = YES;
				CLANG_ENABLE_OBJC_ARC = YES;
				CLANG_ENABLE_OBJC_WEAK = YES;
				CLANG_WARN_BLOCK_CAPTURE_AUTORELEASING = YES;
				CLANG_WARN_BOOL_CONVERSION = YES;
				CLANG_WARN_COMMA = YES;
				CLANG_WARN_CONSTANT_CONVERSION = YES;
				CLANG_WARN_DEPRECATED_OBJC_IMPLEMENTATIONS = YES;
				CLANG_WARN_DIRECT_OBJC_ISA_USAGE = YES_ERROR;
				CLANG_WARN_DOCUMENTATION_COMMENTS = YES;
				CLANG_WARN_EMPTY_BODY = YES;
				CLANG_WARN_ENUM_CONVERSION = YES;
				CLANG_WARN_INFINITE_RECURSION = YES;
				CLANG_WARN_INT_CONVERSION = YES;
				CLANG_WARN_NON_LITERAL_NULL_CONVERSION = YES;
				CLANG_WARN_OBJC_IMPLICIT_RETAIN_SELF = YES;
				CLANG_WARN_OBJC_LITERAL_CONVERSION = YES;
				CLANG_WARN_OBJC_ROOT_CLASS = YES_ERROR;
				CLANG_WARN_QUOTED_INCLUDE_IN_FRAMEWORK_HEADER = YES;
				CLANG_WARN_RANGE_LOOP_ANALYSIS = YES;
				CLANG_WARN_STRICT_PROTOTYPES = YES;
				CLANG_WARN_SUSPICIOUS_MOVE = YES;
				CLANG_WARN_UNGUARDED_AVAILABILITY = YES_AGGRESSIVE;
				CLANG_WARN_UNREACHABLE_CODE = YES;
				CLANG_WARN__DUPLICATE_METHOD_MATCH = YES;
				COPY_PHASE_STRIP = NO;
				DEBUG_INFORMATION_FORMAT = "dwarf-with-dsym";
				ENABLE_NS_ASSERTIONS = NO;
				ENABLE_STRICT_OBJC_MSGSEND = YES;
				GCC_C_LANGUAGE_STANDARD = gnu11;
				GCC_NO_COMMON_BLOCKS = YES;
				GCC_WARN_64_TO_32_BIT_CONVERSION = YES;
				GCC_WARN_ABOUT_RETURN_TYPE = YES_ERROR;
				GCC_WARN_UNDECLARED_SELECTOR = YES;
				GCC_WARN_UNINITIALIZED_AUTOS = YES_AGGRESSIVE;
				GCC_WARN_UNUSED_FUNCTION = YES;
				GCC_WARN_UNUSED_VARIABLE = YES;
				IPHONEOS_DEPLOYMENT_TARGET = 15.5;
				MTL_ENABLE_DEBUG_INFO = NO;
				MTL_FAST_MATH = YES;
				SDKROOT = iphoneos;
				SWIFT_COMPILATION_MODE = wholemodule;
				SWIFT_OPTIMIZATION_LEVEL = "-O";
				VALIDATE_PRODUCT = YES;
			};
			name = Release;
		};
		4149234528E1F04800B308D7 /* Debug */ = {
			isa = XCBuildConfiguration;
			buildSettings = {
				ASSETCATALOG_COMPILER_APPICON_NAME = AppIcon;
				ASSETCATALOG_COMPILER_GLOBAL_ACCENT_COLOR_NAME = AccentColor;
				CODE_SIGN_STYLE = Automatic;
				CURRENT_PROJECT_VERSION = 1;
				DEVELOPMENT_ASSET_PATHS = "\"Touchdown/Preview Content\"";
				DEVELOPMENT_TEAM = T76MCQRV73;
				ENABLE_PREVIEWS = YES;
				GENERATE_INFOPLIST_FILE = YES;
				INFOPLIST_FILE = Touchdown/Info.plist;
				INFOPLIST_KEY_UIApplicationSceneManifest_Generation = YES;
				INFOPLIST_KEY_UIApplicationSupportsIndirectInputEvents = YES;
				INFOPLIST_KEY_UISupportedInterfaceOrientations_iPad = "UIInterfaceOrientationPortrait UIInterfaceOrientationPortraitUpsideDown UIInterfaceOrientationLandscapeLeft UIInterfaceOrientationLandscapeRight";
				INFOPLIST_KEY_UISupportedInterfaceOrientations_iPhone = "UIInterfaceOrientationPortrait UIInterfaceOrientationLandscapeLeft UIInterfaceOrientationLandscapeRight";
				INFOPLIST_KEY_UIUserInterfaceStyle = Light;
				IPHONEOS_DEPLOYMENT_TARGET = 15.1;
				LD_RUNPATH_SEARCH_PATHS = (
					"$(inherited)",
					"@executable_path/Frameworks",
				);
				MARKETING_VERSION = 1.0;
				PRODUCT_BUNDLE_IDENTIFIER = com.AliAljabri.Touchdown;
				PRODUCT_NAME = "$(TARGET_NAME)";
				SWIFT_EMIT_LOC_STRINGS = YES;
				SWIFT_VERSION = 5.0;
				TARGETED_DEVICE_FAMILY = "1,2";
			};
			name = Debug;
		};
		4149234628E1F04800B308D7 /* Release */ = {
			isa = XCBuildConfiguration;
			buildSettings = {
				ASSETCATALOG_COMPILER_APPICON_NAME = AppIcon;
				ASSETCATALOG_COMPILER_GLOBAL_ACCENT_COLOR_NAME = AccentColor;
				CODE_SIGN_STYLE = Automatic;
				CURRENT_PROJECT_VERSION = 1;
				DEVELOPMENT_ASSET_PATHS = "\"Touchdown/Preview Content\"";
				DEVELOPMENT_TEAM = T76MCQRV73;
				ENABLE_PREVIEWS = YES;
				GENERATE_INFOPLIST_FILE = YES;
				INFOPLIST_FILE = Touchdown/Info.plist;
				INFOPLIST_KEY_UIApplicationSceneManifest_Generation = YES;
				INFOPLIST_KEY_UIApplicationSupportsIndirectInputEvents = YES;
				INFOPLIST_KEY_UISupportedInterfaceOrientations_iPad = "UIInterfaceOrientationPortrait UIInterfaceOrientationPortraitUpsideDown UIInterfaceOrientationLandscapeLeft UIInterfaceOrientationLandscapeRight";
				INFOPLIST_KEY_UISupportedInterfaceOrientations_iPhone = "UIInterfaceOrientationPortrait UIInterfaceOrientationLandscapeLeft UIInterfaceOrientationLandscapeRight";
				INFOPLIST_KEY_UIUserInterfaceStyle = Light;
				IPHONEOS_DEPLOYMENT_TARGET = 15.1;
				LD_RUNPATH_SEARCH_PATHS = (
					"$(inherited)",
					"@executable_path/Frameworks",
				);
				MARKETING_VERSION = 1.0;
				PRODUCT_BUNDLE_IDENTIFIER = com.AliAljabri.Touchdown;
				PRODUCT_NAME = "$(TARGET_NAME)";
				SWIFT_EMIT_LOC_STRINGS = YES;
				SWIFT_VERSION = 5.0;
				TARGETED_DEVICE_FAMILY = "1,2";
			};
			name = Release;
		};
/* End XCBuildConfiguration section */

/* Begin XCConfigurationList section */
		4149233128E1F03F00B308D7 /* Build configuration list for PBXProject "Touchdown" */ = {
			isa = XCConfigurationList;
			buildConfigurations = (
				4149234228E1F04800B308D7 /* Debug */,
				4149234328E1F04800B308D7 /* Release */,
			);
			defaultConfigurationIsVisible = 0;
			defaultConfigurationName = Release;
		};
		4149234428E1F04800B308D7 /* Build configuration list for PBXNativeTarget "Touchdown" */ = {
			isa = XCConfigurationList;
			buildConfigurations = (
				4149234528E1F04800B308D7 /* Debug */,
				4149234628E1F04800B308D7 /* Release */,
			);
			defaultConfigurationIsVisible = 0;
			defaultConfigurationName = Release;
		};
/* End XCConfigurationList section */
	};
	rootObject = 4149232E28E1F03F00B308D7 /* Project object */;
}
